PODS:
  - wgPersonPrefrenceCatogeryKit (2)

DEPENDENCIES:
  - wgPersonPrefrenceCatogeryKit (from `../`)

EXTERNAL SOURCES:
  wgPersonPrefrenceCatogeryKit:
    :path: "../"

SPEC CHECKSUMS:
  wgPersonPrefrenceCatogeryKit: 7fd78c3a7fa1dbe18f06708ba9bf72ba34ed2157

PODFILE CHECKSUM: 816b370a6371c34791fc1f5df8c2f079bf113aff

COCOAPODS: 1.7.3
